// !$*UTF8*$!
{
	archiveVersion = 1;
	classes = {
	};
	objectVersion = 48;
	objects = {

/* Begin PBXBuildFile section */
		421240A12099E26B002D5162 /* TController.swift in Sources */ = {isa = PBXBuildFile; fileRef = 421240A02099E26B002D5162 /* TController.swift */; };
		4224A508209C9E870051A32E /* PointController.swift in Sources */ = {isa = PBXBuildFile; fileRef = 4224A507209C9E870051A32E /* PointController.swift */; };
		4224A50A209CAE2D0051A32E /* DataHistory.swift in Sources */ = {isa = PBXBuildFile; fileRef = 4224A509209CAE2D0051A32E /* DataHistory.swift */; };
		4224A50E209CB1200051A32E /* HistController.swift in Sources */ = {isa = PBXBuildFile; fileRef = 4224A50D209CB1200051A32E /* HistController.swift */; };
		42CC34EF2098898B00F8DE1C /* AppDelegate.swift in Sources */ = {isa = PBXBuildFile; fileRef = 42CC34EE2098898B00F8DE1C /* AppDelegate.swift */; };
		42CC34F12098898B00F8DE1C /* ViewController.swift in Sources */ = {isa = PBXBuildFile; fileRef = 42CC34F02098898B00F8DE1C /* ViewController.swift */; };
		42CC34F42098898B00F8DE1C /* Main.storyboard in Resources */ = {isa = PBXBuildFile; fileRef = 42CC34F22098898B00F8DE1C /* Main.storyboard */; };
		42CC34F92098898B00F8DE1C /* LaunchScreen.storyboard in Resources */ = {isa = PBXBuildFile; fileRef = 42CC34F72098898B00F8DE1C /* LaunchScreen.storyboard */; };
		42CC350920988C1A00F8DE1C /* ItemController.swift in Sources */ = {isa = PBXBuildFile; fileRef = 42CC350820988C1A00F8DE1C /* ItemController.swift */; };
		42CC350B2098978A00F8DE1C /* Assets.xcassets in Resources */ = {isa = PBXBuildFile; fileRef = 42CC350A2098978A00F8DE1C /* Assets.xcassets */; };
		42CC350D2098992000F8DE1C /* MapController.swift in Sources */ = {isa = PBXBuildFile; fileRef = 42CC350C2098992000F8DE1C /* MapController.swift */; };
		42CC350F2098A0F700F8DE1C /* ReturnController.swift in Sources */ = {isa = PBXBuildFile; fileRef = 42CC350E2098A0F700F8DE1C /* ReturnController.swift */; };
		42CC35112098C67700F8DE1C /* SingleMapController.swift in Sources */ = {isa = PBXBuildFile; fileRef = 42CC35102098C67700F8DE1C /* SingleMapController.swift */; };
		6DA7C6D155B22A715F703EE8 /* Pods_EcoRent.framework in Frameworks */ = {isa = PBXBuildFile; fileRef = 117290032021CC5A43296BC1 /* Pods_EcoRent.framework */; };
/* End PBXBuildFile section */

/* Begin PBXFileReference section */
		117290032021CC5A43296BC1 /* Pods_EcoRent.framework */ = {isa = PBXFileReference; explicitFileType = wrapper.framework; includeInIndex = 0; path = Pods_EcoRent.framework; sourceTree = BUILT_PRODUCTS_DIR; };
		421240A02099E26B002D5162 /* TController.swift */ = {isa = PBXFileReference; lastKnownFileType = sourcecode.swift; path = TController.swift; sourceTree = "<group>"; };
		4224A507209C9E870051A32E /* PointController.swift */ = {isa = PBXFileReference; lastKnownFileType = sourcecode.swift; path = PointController.swift; sourceTree = "<group>"; };
		4224A509209CAE2D0051A32E /* DataHistory.swift */ = {isa = PBXFileReference; lastKnownFileType = sourcecode.swift; path = DataHistory.swift; sourceTree = "<group>"; };
		4224A50D209CB1200051A32E /* HistController.swift */ = {isa = PBXFileReference; lastKnownFileType = sourcecode.swift; path = HistController.swift; sourceTree = "<group>"; };
		42CC34EB2098898B00F8DE1C /* EcoRent.app */ = {isa = PBXFileReference; explicitFileType = wrapper.application; includeInIndex = 0; path = EcoRent.app; sourceTree = BUILT_PRODUCTS_DIR; };
		42CC34EE2098898B00F8DE1C /* AppDelegate.swift */ = {isa = PBXFileReference; lastKnownFileType = sourcecode.swift; path = AppDelegate.swift; sourceTree = "<group>"; };
		42CC34F02098898B00F8DE1C /* ViewController.swift */ = {isa = PBXFileReference; lastKnownFileType = sourcecode.swift; path = ViewController.swift; sourceTree = "<group>"; };
		42CC34F32098898B00F8DE1C /* Base */ = {isa = PBXFileReference; lastKnownFileType = file.storyboard; name = Base; path = Base.lproj/Main.storyboard; sourceTree = "<group>"; };
		42CC34F82098898B00F8DE1C /* Base */ = {isa = PBXFileReference; lastKnownFileType = file.storyboard; name = Base; path = Base.lproj/LaunchScreen.storyboard; sourceTree = "<group>"; };
		42CC34FA2098898B00F8DE1C /* Info.plist */ = {isa = PBXFileReference; lastKnownFileType = text.plist.xml; path = Info.plist; sourceTree = "<group>"; };
		42CC350820988C1A00F8DE1C /* ItemController.swift */ = {isa = PBXFileReference; lastKnownFileType = sourcecode.swift; path = ItemController.swift; sourceTree = "<group>"; };
		42CC350A2098978A00F8DE1C /* Assets.xcassets */ = {isa = PBXFileReference; lastKnownFileType = folder.assetcatalog; path = Assets.xcassets; sourceTree = "<group>"; };
		42CC350C2098992000F8DE1C /* MapController.swift */ = {isa = PBXFileReference; lastKnownFileType = sourcecode.swift; path = MapController.swift; sourceTree = "<group>"; };
		42CC350E2098A0F700F8DE1C /* ReturnController.swift */ = {isa = PBXFileReference; lastKnownFileType = sourcecode.swift; path = ReturnController.swift; sourceTree = "<group>"; };
		42CC35102098C67700F8DE1C /* SingleMapController.swift */ = {isa = PBXFileReference; lastKnownFileType = sourcecode.swift; path = SingleMapController.swift; sourceTree = "<group>"; };
		AF068D75570742D70761D2C8 /* Pods-EcoRent.debug.xcconfig */ = {isa = PBXFileReference; includeInIndex = 1; lastKnownFileType = text.xcconfig; name = "Pods-EcoRent.debug.xcconfig"; path = "Pods/Target Support Files/Pods-EcoRent/Pods-EcoRent.debug.xcconfig"; sourceTree = "<group>"; };
		C6D1020FD2B937C8E503497B /* Pods-EcoRent.release.xcconfig */ = {isa = PBXFileReference; includeInIndex = 1; lastKnownFileType = text.xcconfig; name = "Pods-EcoRent.release.xcconfig"; path = "Pods/Target Support Files/Pods-EcoRent/Pods-EcoRent.release.xcconfig"; sourceTree = "<group>"; };
/* End PBXFileReference section */

/* Begin PBXFrameworksBuildPhase section */
		42CC34E82098898B00F8DE1C /* Frameworks */ = {
			isa = PBXFrameworksBuildPhase;
			buildActionMask = 2147483647;
			files = (
				6DA7C6D155B22A715F703EE8 /* Pods_EcoRent.framework in Frameworks */,
			);
			runOnlyForDeploymentPostprocessing = 0;
		};
/* End PBXFrameworksBuildPhase section */

/* Begin PBXGroup section */
		42CC34E22098898B00F8DE1C = {
			isa = PBXGroup;
			children = (
				42CC34ED2098898B00F8DE1C /* EcoRent */,
				42CC34EC2098898B00F8DE1C /* Products */,
				4E7ED7543E2CC2DB22374D23 /* Pods */,
				FD8C70A596568BD631040E9D /* Frameworks */,
			);
			sourceTree = "<group>";
		};
		42CC34EC2098898B00F8DE1C /* Products */ = {
			isa = PBXGroup;
			children = (
				42CC34EB2098898B00F8DE1C /* EcoRent.app */,
			);
			name = Products;
			sourceTree = "<group>";
		};
		42CC34ED2098898B00F8DE1C /* EcoRent */ = {
			isa = PBXGroup;
			children = (
				42CC350A2098978A00F8DE1C /* Assets.xcassets */,
				42CC3507209889D400F8DE1C /* Model */,
				42CC3506209889CE00F8DE1C /* Controller */,
				42CC3505209889C300F8DE1C /* View */,
				42CC34EE2098898B00F8DE1C /* AppDelegate.swift */,
				42CC34F72098898B00F8DE1C /* LaunchScreen.storyboard */,
				42CC34FA2098898B00F8DE1C /* Info.plist */,
			);
			path = EcoRent;
			sourceTree = "<group>";
		};
		42CC3505209889C300F8DE1C /* View */ = {
			isa = PBXGroup;
			children = (
				42CC34F22098898B00F8DE1C /* Main.storyboard */,
			);
			path = View;
			sourceTree = "<group>";
		};
		42CC3506209889CE00F8DE1C /* Controller */ = {
			isa = PBXGroup;
			children = (
				42CC34F02098898B00F8DE1C /* ViewController.swift */,
				42CC350820988C1A00F8DE1C /* ItemController.swift */,
				42CC350C2098992000F8DE1C /* MapController.swift */,
				42CC350E2098A0F700F8DE1C /* ReturnController.swift */,
				42CC35102098C67700F8DE1C /* SingleMapController.swift */,
				421240A02099E26B002D5162 /* TController.swift */,
				4224A507209C9E870051A32E /* PointController.swift */,
				4224A50D209CB1200051A32E /* HistController.swift */,
			);
			path = Controller;
			sourceTree = "<group>";
		};
		42CC3507209889D400F8DE1C /* Model */ = {
			isa = PBXGroup;
			children = (
				4224A509209CAE2D0051A32E /* DataHistory.swift */,
			);
			path = Model;
			sourceTree = "<group>";
		};
		4E7ED7543E2CC2DB22374D23 /* Pods */ = {
			isa = PBXGroup;
			children = (
				AF068D75570742D70761D2C8 /* Pods-EcoRent.debug.xcconfig */,
				C6D1020FD2B937C8E503497B /* Pods-EcoRent.release.xcconfig */,
			);
			name = Pods;
			sourceTree = "<group>";
		};
		FD8C70A596568BD631040E9D /* Frameworks */ = {
			isa = PBXGroup;
			children = (
				117290032021CC5A43296BC1 /* Pods_EcoRent.framework */,
			);
			name = Frameworks;
			sourceTree = "<group>";
		};
/* End PBXGroup section */

/* Begin PBXNativeTarget section */
		42CC34EA2098898B00F8DE1C /* EcoRent */ = {
			isa = PBXNativeTarget;
			buildConfigurationList = 42CC34FD2098898B00F8DE1C /* Build configuration list for PBXNativeTarget "EcoRent" */;
			buildPhases = (
				D4740D6932A042D7A1B4E6AB /* [CP] Check Pods Manifest.lock */,
				42CC34E72098898B00F8DE1C /* Sources */,
				42CC34E82098898B00F8DE1C /* Frameworks */,
				42CC34E92098898B00F8DE1C /* Resources */,
				8E30C4450B82334B7ADEFF9B /* [CP] Embed Pods Frameworks */,
				57A7D467345613204C5F26C1 /* [CP] Copy Pods Resources */,
			);
			buildRules = (
			);
			dependencies = (
			);
			name = EcoRent;
			productName = EcoRent;
			productReference = 42CC34EB2098898B00F8DE1C /* EcoRent.app */;
			productType = "com.apple.product-type.application";
		};
/* End PBXNativeTarget section */

/* Begin PBXProject section */
		42CC34E32098898B00F8DE1C /* Project object */ = {
			isa = PBXProject;
			attributes = {
				LastSwiftUpdateCheck = 0920;
				LastUpgradeCheck = 0920;
				ORGANIZATIONNAME = "賈加平";
				TargetAttributes = {
					42CC34EA2098898B00F8DE1C = {
						CreatedOnToolsVersion = 9.2;
						ProvisioningStyle = Automatic;
					};
				};
			};
			buildConfigurationList = 42CC34E62098898B00F8DE1C /* Build configuration list for PBXProject "EcoRent" */;
			compatibilityVersion = "Xcode 8.0";
			developmentRegion = en;
			hasScannedForEncodings = 0;
			knownRegions = (
				en,
				Base,
			);
			mainGroup = 42CC34E22098898B00F8DE1C;
			productRefGroup = 42CC34EC2098898B00F8DE1C /* Products */;
			projectDirPath = "";
			projectRoot = "";
			targets = (
				42CC34EA2098898B00F8DE1C /* EcoRent */,
			);
		};
/* End PBXProject section */

/* Begin PBXResourcesBuildPhase section */
		42CC34E92098898B00F8DE1C /* Resources */ = {
			isa = PBXResourcesBuildPhase;
			buildActionMask = 2147483647;
			files = (
				42CC34F92098898B00F8DE1C /* LaunchScreen.storyboard in Resources */,
				42CC350B2098978A00F8DE1C /* Assets.xcassets in Resources */,
				42CC34F42098898B00F8DE1C /* Main.storyboard in Resources */,
			);
			runOnlyForDeploymentPostprocessing = 0;
		};
/* End PBXResourcesBuildPhase section */

/* Begin PBXShellScriptBuildPhase section */
		57A7D467345613204C5F26C1 /* [CP] Copy Pods Resources */ = {
			isa = PBXShellScriptBuildPhase;
			buildActionMask = 2147483647;
			files = (
			);
			inputPaths = (
			);
			name = "[CP] Copy Pods Resources";
			outputPaths = (
			);
			runOnlyForDeploymentPostprocessing = 0;
			shellPath = /bin/sh;
			shellScript = "\"${SRCROOT}/Pods/Target Support Files/Pods-EcoRent/Pods-EcoRent-resources.sh\"\n";
			showEnvVarsInLog = 0;
		};
		8E30C4450B82334B7ADEFF9B /* [CP] Embed Pods Frameworks */ = {
			isa = PBXShellScriptBuildPhase;
			buildActionMask = 2147483647;
			files = (
			);
			inputPaths = (
				"${SRCROOT}/Pods/Target Support Files/Pods-EcoRent/Pods-EcoRent-frameworks.sh",
				"${BUILT_PRODUCTS_DIR}/Alamofire/Alamofire.framework",
				"${BUILT_PRODUCTS_DIR}/SVProgressHUD/SVProgressHUD.framework",
				"${BUILT_PRODUCTS_DIR}/SwiftyJSON/SwiftyJSON.framework",
			);
			name = "[CP] Embed Pods Frameworks";
			outputPaths = (
				"${TARGET_BUILD_DIR}/${FRAMEWORKS_FOLDER_PATH}/Alamofire.framework",
				"${TARGET_BUILD_DIR}/${FRAMEWORKS_FOLDER_PATH}/SVProgressHUD.framework",
				"${TARGET_BUILD_DIR}/${FRAMEWORKS_FOLDER_PATH}/SwiftyJSON.framework",
			);
			runOnlyForDeploymentPostprocessing = 0;
			shellPath = /bin/sh;
			shellScript = "\"${SRCROOT}/Pods/Target Support Files/Pods-EcoRent/Pods-EcoRent-frameworks.sh\"\n";
			showEnvVarsInLog = 0;
		};
		D4740D6932A042D7A1B4E6AB /* [CP] Check Pods Manifest.lock */ = {
			isa = PBXShellScriptBuildPhase;
			buildActionMask = 2147483647;
			files = (
			);
			inputPaths = (
				"${PODS_PODFILE_DIR_PATH}/Podfile.lock",
				"${PODS_ROOT}/Manifest.lock",
			);
			name = "[CP] Check Pods Manifest.lock";
			outputPaths = (
				"$(DERIVED_FILE_DIR)/Pods-EcoRent-checkManifestLockResult.txt",
			);
			runOnlyForDeploymentPostprocessing = 0;
			shellPath = /bin/sh;
			shellScript = "diff \"${PODS_PODFILE_DIR_PATH}/Podfile.lock\" \"${PODS_ROOT}/Manifest.lock\" > /dev/null\nif [ $? != 0 ] ; then\n    # print error to STDERR\n    echo \"error: The sandbox is not in sync with the Podfile.lock. Run 'pod install' or update your CocoaPods installation.\" >&2\n    exit 1\nfi\n# This output is used by Xcode 'outputs' to avoid re-running this script phase.\necho \"SUCCESS\" > \"${SCRIPT_OUTPUT_FILE_0}\"\n";
			showEnvVarsInLog = 0;
		};
/* End PBXShellScriptBuildPhase section */

/* Begin PBXSourcesBuildPhase section */
		42CC34E72098898B00F8DE1C /* Sources */ = {
			isa = PBXSourcesBuildPhase;
			buildActionMask = 2147483647;
			files = (
				4224A50E209CB1200051A32E /* HistController.swift in Sources */,
				42CC350D2098992000F8DE1C /* MapController.swift in Sources */,
				42CC350F2098A0F700F8DE1C /* ReturnController.swift in Sources */,
				42CC34F12098898B00F8DE1C /* ViewController.swift in Sources */,
				421240A12099E26B002D5162 /* TController.swift in Sources */,
				42CC350920988C1A00F8DE1C /* ItemController.swift in Sources */,
				42CC35112098C67700F8DE1C /* SingleMapController.swift in Sources */,
				4224A50A209CAE2D0051A32E /* DataHistory.swift in Sources */,
				4224A508209C9E870051A32E /* PointController.swift in Sources */,
				42CC34EF2098898B00F8DE1C /* AppDelegate.swift in Sources */,
			);
			runOnlyForDeploymentPostprocessing = 0;
		};
/* End PBXSourcesBuildPhase section */

/* Begin PBXVariantGroup section */
		42CC34F22098898B00F8DE1C /* Main.storyboard */ = {
			isa = PBXVariantGroup;
			children = (
				42CC34F32098898B00F8DE1C /* Base */,
			);
			name = Main.storyboard;
			sourceTree = "<group>";
		};
		42CC34F72098898B00F8DE1C /* LaunchScreen.storyboard */ = {
			isa = PBXVariantGroup;
			children = (
				42CC34F82098898B00F8DE1C /* Base */,
			);
			name = LaunchScreen.storyboard;
			sourceTree = "<group>";
		};
/* End PBXVariantGroup section */

/* Begin XCBuildConfiguration section */
		42CC34FB2098898B00F8DE1C /* Debug */ = {
			isa = XCBuildConfiguration;
			buildSettings = {
				ALWAYS_SEARCH_USER_PATHS = NO;
				CLANG_ANALYZER_NONNULL = YES;
				CLANG_ANALYZER_NUMBER_OBJECT_CONVERSION = YES_AGGRESSIVE;
				CLANG_CXX_LANGUAGE_STANDARD = "gnu++14";
				CLANG_CXX_LIBRARY = "libc++";
				CLANG_ENABLE_MODULES = YES;
				CLANG_ENABLE_OBJC_ARC = YES;
				CLANG_WARN_BLOCK_CAPTURE_AUTORELEASING = YES;
				CLANG_WARN_BOOL_CONVERSION = YES;
				CLANG_WARN_COMMA = YES;
				CLANG_WARN_CONSTANT_CONVERSION = YES;
				CLANG_WARN_DIRECT_OBJC_ISA_USAGE = YES_ERROR;
				CLANG_WARN_DOCUMENTATION_COMMENTS = YES;
				CLANG_WARN_EMPTY_BODY = YES;
				CLANG_WARN_ENUM_CONVERSION = YES;
				CLANG_WARN_INFINITE_RECURSION = YES;
				CLANG_WARN_INT_CONVERSION = YES;
				CLANG_WARN_NON_LITERAL_NULL_CONVERSION = YES;
				CLANG_WARN_OBJC_LITERAL_CONVERSION = YES;
				CLANG_WARN_OBJC_ROOT_CLASS = YES_ERROR;
				CLANG_WARN_RANGE_LOOP_ANALYSIS = YES;
				CLANG_WARN_STRICT_PROTOTYPES = YES;
				CLANG_WARN_SUSPICIOUS_MOVE = YES;
				CLANG_WARN_UNGUARDED_AVAILABILITY = YES_AGGRESSIVE;
				CLANG_WARN_UNREACHABLE_CODE = YES;
				CLANG_WARN__DUPLICATE_METHOD_MATCH = YES;
				CODE_SIGN_IDENTITY = "iPhone Developer";
				COPY_PHASE_STRIP = NO;
				DEBUG_INFORMATION_FORMAT = dwarf;
				ENABLE_STRICT_OBJC_MSGSEND = YES;
				ENABLE_TESTABILITY = YES;
				GCC_C_LANGUAGE_STANDARD = gnu11;
				GCC_DYNAMIC_NO_PIC = NO;
				GCC_NO_COMMON_BLOCKS = YES;
				GCC_OPTIMIZATION_LEVEL = 0;
				GCC_PREPROCESSOR_DEFINITIONS = (
					"DEBUG=1",
					"$(inherited)",
				);
				GCC_WARN_64_TO_32_BIT_CONVERSION = YES;
				GCC_WARN_ABOUT_RETURN_TYPE = YES_ERROR;
				GCC_WARN_UNDECLARED_SELECTOR = YES;
				GCC_WARN_UNINITIALIZED_AUTOS = YES_AGGRESSIVE;
				GCC_WARN_UNUSED_FUNCTION = YES;
				GCC_WARN_UNUSED_VARIABLE = YES;
				IPHONEOS_DEPLOYMENT_TARGET = 11.2;
				MTL_ENABLE_DEBUG_INFO = YES;
				ONLY_ACTIVE_ARCH = YES;
				SDKROOT = iphoneos;
				SWIFT_ACTIVE_COMPILATION_CONDITIONS = DEBUG;
				SWIFT_OPTIMIZATION_LEVEL = "-Onone";
			};
			name = Debug;
		};
		42CC34FC2098898B00F8DE1C /* Release */ = {
			isa = XCBuildConfiguration;
			buildSettings = {
				ALWAYS_SEARCH_USER_PATHS = NO;
				CLANG_ANALYZER_NONNULL = YES;
				CLANG_ANALYZER_NUMBER_OBJECT_CONVERSION = YES_AGGRESSIVE;
				CLANG_CXX_LANGUAGE_STANDARD = "gnu++14";
				CLANG_CXX_LIBRARY = "libc++";
				CLANG_ENABLE_MODULES = YES;
				CLANG_ENABLE_OBJC_ARC = YES;
				CLANG_WARN_BLOCK_CAPTURE_AUTORELEASING = YES;
				CLANG_WARN_BOOL_CONVERSION = YES;
				CLANG_WARN_COMMA = YES;
				CLANG_WARN_CONSTANT_CONVERSION = YES;
				CLANG_WARN_DIRECT_OBJC_ISA_USAGE = YES_ERROR;
				CLANG_WARN_DOCUMENTATION_COMMENTS = YES;
				CLANG_WARN_EMPTY_BODY = YES;
				CLANG_WARN_ENUM_CONVERSION = YES;
				CLANG_WARN_INFINITE_RECURSION = YES;
				CLANG_WARN_INT_CONVERSION = YES;
				CLANG_WARN_NON_LITERAL_NULL_CONVERSION = YES;
				CLANG_WARN_OBJC_LITERAL_CONVERSION = YES;
				CLANG_WARN_OBJC_ROOT_CLASS = YES_ERROR;
				CLANG_WARN_RANGE_LOOP_ANALYSIS = YES;
				CLANG_WARN_STRICT_PROTOTYPES = YES;
				CLANG_WARN_SUSPICIOUS_MOVE = YES;
				CLANG_WARN_UNGUARDED_AVAILABILITY = YES_AGGRESSIVE;
				CLANG_WARN_UNREACHABLE_CODE = YES;
				CLANG_WARN__DUPLICATE_METHOD_MATCH = YES;
				CODE_SIGN_IDENTITY = "iPhone Developer";
				COPY_PHASE_STRIP = NO;
				DEBUG_INFORMATION_FORMAT = "dwarf-with-dsym";
				ENABLE_NS_ASSERTIONS = NO;
				ENABLE_STRICT_OBJC_MSGSEND = YES;
				GCC_C_LANGUAGE_STANDARD = gnu11;
				GCC_NO_COMMON_BLOCKS = YES;
				GCC_WARN_64_TO_32_BIT_CONVERSION = YES;
				GCC_WARN_ABOUT_RETURN_TYPE = YES_ERROR;
				GCC_WARN_UNDECLARED_SELECTOR = YES;
				GCC_WARN_UNINITIALIZED_AUTOS = YES_AGGRESSIVE;
				GCC_WARN_UNUSED_FUNCTION = YES;
				GCC_WARN_UNUSED_VARIABLE = YES;
				IPHONEOS_DEPLOYMENT_TARGET = 11.2;
				MTL_ENABLE_DEBUG_INFO = NO;
				SDKROOT = iphoneos;
				SWIFT_OPTIMIZATION_LEVEL = "-Owholemodule";
				VALIDATE_PRODUCT = YES;
			};
			name = Release;
		};
		42CC34FE2098898B00F8DE1C /* Debug */ = {
			isa = XCBuildConfiguration;
			baseConfigurationReference = AF068D75570742D70761D2C8 /* Pods-EcoRent.debug.xcconfig */;
			buildSettings = {
				ASSETCATALOG_COMPILER_APPICON_NAME = AppIcon;
				CODE_SIGN_STYLE = Automatic;
				DEVELOPMENT_TEAM = NHB47L8XJ2;
				INFOPLIST_FILE = EcoRent/Info.plist;
				LD_RUNPATH_SEARCH_PATHS = "$(inherited) @executable_path/Frameworks";
				PRODUCT_BUNDLE_IDENTIFIER = com.kevinchiaq.EcoRent;
				PRODUCT_NAME = "$(TARGET_NAME)";
				SWIFT_VERSION = 4.0;
				TARGETED_DEVICE_FAMILY = "1,2";
			};
			name = Debug;
		};
		42CC34FF2098898B00F8DE1C /* Release */ = {
			isa = XCBuildConfiguration;
			baseConfigurationReference = C6D1020FD2B937C8E503497B /* Pods-EcoRent.release.xcconfig */;
			buildSettings = {
				ASSETCATALOG_COMPILER_APPICON_NAME = AppIcon;
				CODE_SIGN_STYLE = Automatic;
				DEVELOPMENT_TEAM = NHB47L8XJ2;
				INFOPLIST_FILE = EcoRent/Info.plist;
				LD_RUNPATH_SEARCH_PATHS = "$(inherited) @executable_path/Frameworks";
				PRODUCT_BUNDLE_IDENTIFIER = com.kevinchiaq.EcoRent;
				PRODUCT_NAME = "$(TARGET_NAME)";
				SWIFT_VERSION = 4.0;
				TARGETED_DEVICE_FAMILY = "1,2";
			};
			name = Release;
		};
/* End XCBuildConfiguration section */

/* Begin XCConfigurationList section */
		42CC34E62098898B00F8DE1C /* Build configuration list for PBXProject "EcoRent" */ = {
			isa = XCConfigurationList;
			buildConfigurations = (
				42CC34FB2098898B00F8DE1C /* Debug */,
				42CC34FC2098898B00F8DE1C /* Release */,
			);
			defaultConfigurationIsVisible = 0;
			defaultConfigurationName = Release;
		};
		42CC34FD2098898B00F8DE1C /* Build configuration list for PBXNativeTarget "EcoRent" */ = {
			isa = XCConfigurationList;
			buildConfigurations = (
				42CC34FE2098898B00F8DE1C /* Debug */,
				42CC34FF2098898B00F8DE1C /* Release */,
			);
			defaultConfigurationIsVisible = 0;
			defaultConfigurationName = Release;
		};
/* End XCConfigurationList section */
	};
	rootObject = 42CC34E32098898B00F8DE1C /* Project object */;
}
